
Microsoft Visual Studio Solution File, Format Version 12.00
# Visual Studio Version 17
VisualStudioVersion = 17.8.34525.116
MinimumVisualStudioVersion = 10.0.40219.1
Project("{FAE04EC0-301F-11D3-BF4B-00C04F79EFBC}") = "padgetwg_InClass20240409", "padgetwg_InClass20240409\padgetwg_InClass20240409.csproj", "{7EB73360-4C9F-4CB7-8BF2-ABF09A995BA0}"
EndProject
Global
	GlobalSection(SolutionConfigurationPlatforms) = preSolution
		Debug|Any CPU = Debug|Any CPU
		Release|Any CPU = Release|Any CPU
	EndGlobalSection
	GlobalSection(ProjectConfigurationPlatforms) = postSolution
		{7EB73360-4C9F-4CB7-8BF2-ABF09A995BA0}.Debug|Any CPU.ActiveCfg = Debug|Any CPU
		{7EB73360-4C9F-4CB7-8BF2-ABF09A995BA0}.Debug|Any CPU.Build.0 = Debug|Any CPU
		{7EB73360-4C9F-4CB7-8BF2-ABF09A995BA0}.Release|Any CPU.ActiveCfg = Release|Any CPU
		{7EB73360-4C9F-4CB7-8BF2-ABF09A995BA0}.Release|Any CPU.Build.0 = Release|Any CPU
	EndGlobalSection
	GlobalSection(SolutionProperties) = preSolution
		HideSolutionNode = FALSE
	EndGlobalSection
	GlobalSection(ExtensibilityGlobals) = postSolution
		SolutionGuid = {50EED2F8-7E2E-4C08-8C7D-197BE5683F64}
	EndGlobalSection
EndGlobal
